
Microsoft Visual Studio Solution File, Format Version 12.00
# Visual Studio Version 17
VisualStudioVersion = 17.11.35312.102
MinimumVisualStudioVersion = 10.0.40219.1
Project("{9A19103F-16F7-4668-BE54-9A1E7A4F7556}") = "Terraforms", "Terraforms\Terraforms.csproj", "{A93A7990-090A-4C55-9FBA-A4B3FF3FB580}"
EndProject
Global
	GlobalSection(SolutionConfigurationPlatforms) = preSolution
		Debug|Any CPU = Debug|Any CPU
		Release|Any CPU = Release|Any CPU
	EndGlobalSection
	GlobalSection(ProjectConfigurationPlatforms) = postSolution
		{A93A7990-090A-4C55-9FBA-A4B3FF3FB580}.Debug|Any CPU.ActiveCfg = Debug|Any CPU
		{A93A7990-090A-4C55-9FBA-A4B3FF3FB580}.Debug|Any CPU.Build.0 = Debug|Any CPU
		{A93A7990-090A-4C55-9FBA-A4B3FF3FB580}.Release|Any CPU.ActiveCfg = Release|Any CPU
		{A93A7990-090A-4C55-9FBA-A4B3FF3FB580}.Release|Any CPU.Build.0 = Release|Any CPU
	EndGlobalSection
	GlobalSection(SolutionProperties) = preSolution
		HideSolutionNode = FALSE
	EndGlobalSection
	GlobalSection(ExtensibilityGlobals) = postSolution
		SolutionGuid = {5708D040-2697-49C3-9B08-3255882E28FD}
	EndGlobalSection
EndGlobal
